
Microsoft Visual Studio Solution File, Format Version 12.00
# Visual Studio 15
VisualStudioVersion = 15.0.27130.2024
MinimumVisualStudioVersion = 10.0.40219.1
Project("{888888A0-9F3D-457C-B088-3A5042F75D52}") = "trvn", "trvn\trvn.pyproj", "{0A528E94-2656-4D82-A82E-B1D50D138B77}"
EndProject
Global
	GlobalSection(SolutionConfigurationPlatforms) = preSolution
		Debug|Any CPU = Debug|Any CPU
		Release|Any CPU = Release|Any CPU
	EndGlobalSection
	GlobalSection(ProjectConfigurationPlatforms) = postSolution
		{0A528E94-2656-4D82-A82E-B1D50D138B77}.Debug|Any CPU.ActiveCfg = Debug|Any CPU
		{0A528E94-2656-4D82-A82E-B1D50D138B77}.Release|Any CPU.ActiveCfg = Release|Any CPU
	EndGlobalSection
	GlobalSection(SolutionProperties) = preSolution
		HideSolutionNode = FALSE
	EndGlobalSection
	GlobalSection(ExtensibilityGlobals) = postSolution
		SolutionGuid = {FC685E76-A0EE-4A3D-84A8-970F577C8441}
	EndGlobalSection
EndGlobal
